// !$*UTF8*$!
{
	archiveVersion = 1;
	classes = {
	};
	objectVersion = 46;
	objects = {

/* Begin PBXBuildFile section */
		1D03984F15FA8E7400BA3D2F /* Sparkle.framework in Frameworks */ = {isa = PBXBuildFile; fileRef = 1D03984715FA8D7A00BA3D2F /* Sparkle.framework */; };
		1D03985015FA8EC300BA3D2F /* Sparkle.framework in CopyFiles */ = {isa = PBXBuildFile; fileRef = 1D03984715FA8D7A00BA3D2F /* Sparkle.framework */; };
		1D03985515FA99EC00BA3D2F /* CrewViewController.m in Sources */ = {isa = PBXBuildFile; fileRef = 1D03985315FA99EC00BA3D2F /* CrewViewController.m */; };
		1D03985615FA99EC00BA3D2F /* CrewViewController.xib in Resources */ = {isa = PBXBuildFile; fileRef = 1D03985415FA99EC00BA3D2F /* CrewViewController.xib */; };
		1D16222115EB315500C0F3CC /* KSPViewController.m in Sources */ = {isa = PBXBuildFile; fileRef = 1D16222015EB315500C0F3CC /* KSPViewController.m */; };
		1D16222415EBC82900C0F3CC /* Asset.m in Sources */ = {isa = PBXBuildFile; fileRef = 1D16222315EBC82900C0F3CC /* Asset.m */; };
		1D16222815EBC87200C0F3CC /* Plugin.m in Sources */ = {isa = PBXBuildFile; fileRef = 1D16222715EBC87200C0F3CC /* Plugin.m */; };
		1D16222B15EBCCFB00C0F3CC /* LineToken.m in Sources */ = {isa = PBXBuildFile; fileRef = 1D16222A15EBCCFB00C0F3CC /* LineToken.m */; };
		1D16222F15EDBB8F00C0F3CC /* ShipViewController.m in Sources */ = {isa = PBXBuildFile; fileRef = 1D16222D15EDBB8F00C0F3CC /* ShipViewController.m */; };
		1D16223015EDBB8F00C0F3CC /* ShipViewController.xib in Resources */ = {isa = PBXBuildFile; fileRef = 1D16222E15EDBB8F00C0F3CC /* ShipViewController.xib */; };
		1D16223615EE721300C0F3CC /* PortableExecutableFormat.m in Sources */ = {isa = PBXBuildFile; fileRef = 1D16223515EE721300C0F3CC /* PortableExecutableFormat.m */; };
		1D16223815EE97D800C0F3CC /* KSPM-Icon.icns in Resources */ = {isa = PBXBuildFile; fileRef = 1D16223715EE97D800C0F3CC /* KSPM-Icon.icns */; };
		1D16223C15EE9F2B00C0F3CC /* LICENSE in Resources */ = {isa = PBXBuildFile; fileRef = 1D16223A15EE9F2B00C0F3CC /* LICENSE */; };
		1D261D89160E731500AE02F6 /* Training.m in Sources */ = {isa = PBXBuildFile; fileRef = 1D261D88160E731500AE02F6 /* Training.m */; };
		1D261D8D160E733500AE02F6 /* Scenario.m in Sources */ = {isa = PBXBuildFile; fileRef = 1D261D8C160E733500AE02F6 /* Scenario.m */; };
		1D261D91160E736F00AE02F6 /* Sandbox.m in Sources */ = {isa = PBXBuildFile; fileRef = 1D261D90160E736F00AE02F6 /* Sandbox.m */; };
		1D28B8B2160622C6009C7FD0 /* UtilityViewController.m in Sources */ = {isa = PBXBuildFile; fileRef = 1D28B8B0160622C6009C7FD0 /* UtilityViewController.m */; };
		1D28B8B3160622C6009C7FD0 /* UtilityViewController.xib in Resources */ = {isa = PBXBuildFile; fileRef = 1D28B8B1160622C6009C7FD0 /* UtilityViewController.xib */; };
		1D2ED54215EB156900402EF1 /* InventoryViewController.m in Sources */ = {isa = PBXBuildFile; fileRef = 1D2ED54015EB156900402EF1 /* InventoryViewController.m */; };
		1D2ED54315EB156900402EF1 /* InventoryViewController.xib in Resources */ = {isa = PBXBuildFile; fileRef = 1D2ED54115EB156900402EF1 /* InventoryViewController.xib */; };
		1D3746AC15F7F23F00F858B3 /* PersistentObject.m in Sources */ = {isa = PBXBuildFile; fileRef = 1D3746AB15F7F23F00F858B3 /* PersistentObject.m */; };
		1D56F41615FA377C0047042A /* dsa_pub.pem in Resources */ = {isa = PBXBuildFile; fileRef = 1D56F41515FA377C0047042A /* dsa_pub.pem */; };
		1D572152160274DB00D2427C /* KerbalNet.m in Sources */ = {isa = PBXBuildFile; fileRef = 1D572151160274DA00D2427C /* KerbalNet.m */; };
		1D57215716028B5400D2427C /* Remote.m in Sources */ = {isa = PBXBuildFile; fileRef = 1D57215616028B5400D2427C /* Remote.m */; };
		1D57215C1603737900D2427C /* KerbalNetViewController.m in Sources */ = {isa = PBXBuildFile; fileRef = 1D57215A1603737900D2427C /* KerbalNetViewController.m */; };
		1D57215D1603737900D2427C /* KerbalNetViewController.xib in Resources */ = {isa = PBXBuildFile; fileRef = 1D57215B1603737900D2427C /* KerbalNetViewController.xib */; };
		1D58B0FB1607B77E0072A9D0 /* Prop.m in Sources */ = {isa = PBXBuildFile; fileRef = 1D58B0FA1607B77E0072A9D0 /* Prop.m */; };
		1D58B0FF1607B7980072A9D0 /* Space.m in Sources */ = {isa = PBXBuildFile; fileRef = 1D58B0FE1607B7980072A9D0 /* Space.m */; };
		1D58B1051608C29E0072A9D0 /* Credits.html in Resources */ = {isa = PBXBuildFile; fileRef = 1D58B1041608C29E0072A9D0 /* Credits.html */; };
		1D58B10B1609031B0072A9D0 /* RealizedPart.m in Sources */ = {isa = PBXBuildFile; fileRef = 1D58B10A1609031B0072A9D0 /* RealizedPart.m */; };
		1D682A2615FCD93E007C84CB /* ConfigurationParser.m in Sources */ = {isa = PBXBuildFile; fileRef = 1D682A2515FCD93E007C84CB /* ConfigurationParser.m */; };
		1D75BD6D15F79FA40037393E /* PersistenceFile.m in Sources */ = {isa = PBXBuildFile; fileRef = 1D75BD6C15F79FA40037393E /* PersistenceFile.m */; };
		1D75BD7015F7A6770037393E /* Crew.m in Sources */ = {isa = PBXBuildFile; fileRef = 1D75BD6F15F7A6770037393E /* Crew.m */; };
		1D82916515F7A90600463E99 /* Vessel.m in Sources */ = {isa = PBXBuildFile; fileRef = 1D82916415F7A90600463E99 /* Vessel.m */; };
		1D9C8D7216021861001C095F /* badge-24x24.png in Resources */ = {isa = PBXBuildFile; fileRef = 1D9C8D6F16021861001C095F /* badge-24x24.png */; };
		1D9C8D7316021861001C095F /* badge-36x36.png in Resources */ = {isa = PBXBuildFile; fileRef = 1D9C8D7016021861001C095F /* badge-36x36.png */; };
		1D9C8D7416021861001C095F /* badge-48x48.png in Resources */ = {isa = PBXBuildFile; fileRef = 1D9C8D7116021861001C095F /* badge-48x48.png */; };
		1D9C8D7616021914001C095F /* badge-red-24x24.png in Resources */ = {isa = PBXBuildFile; fileRef = 1D9C8D7516021914001C095F /* badge-red-24x24.png */; };
		1DA65DBC160F8DFD00092123 /* SFSData.m in Sources */ = {isa = PBXBuildFile; fileRef = 1DA65DBB160F8DFD00092123 /* SFSData.m */; };
		1DB2E08F15FE97B500B1E0AF /* Ship.m in Sources */ = {isa = PBXBuildFile; fileRef = 1DB2E08E15FE97B500B1E0AF /* Ship.m */; };
		1DB2E09315FFA7B900B1E0AF /* AddonsViewController.m in Sources */ = {isa = PBXBuildFile; fileRef = 1DB2E09115FFA7B900B1E0AF /* AddonsViewController.m */; };
		1DB2E09415FFA7B900B1E0AF /* AddonsViewController.xib in Resources */ = {isa = PBXBuildFile; fileRef = 1DB2E09215FFA7B900B1E0AF /* AddonsViewController.xib */; };
		1DB405B915DB3E230041807D /* Cocoa.framework in Frameworks */ = {isa = PBXBuildFile; fileRef = 1DB405B815DB3E230041807D /* Cocoa.framework */; };
		1DB405C315DB3E230041807D /* InfoPlist.strings in Resources */ = {isa = PBXBuildFile; fileRef = 1DB405C115DB3E230041807D /* InfoPlist.strings */; };
		1DB405C515DB3E230041807D /* main.m in Sources */ = {isa = PBXBuildFile; fileRef = 1DB405C415DB3E230041807D /* main.m */; };
		1DB405C915DB3E230041807D /* Credits.rtf in Resources */ = {isa = PBXBuildFile; fileRef = 1DB405C715DB3E230041807D /* Credits.rtf */; };
		1DB405CC15DB3E230041807D /* AppDelegate.m in Sources */ = {isa = PBXBuildFile; fileRef = 1DB405CB15DB3E230041807D /* AppDelegate.m */; };
		1DB405CF15DB3E230041807D /* MainMenu.xib in Resources */ = {isa = PBXBuildFile; fileRef = 1DB405CD15DB3E230041807D /* MainMenu.xib */; };
		1DB405E415DB3F3D0041807D /* MissionsViewController.m in Sources */ = {isa = PBXBuildFile; fileRef = 1DB405E215DB3F3D0041807D /* MissionsViewController.m */; };
		1DB405E515DB3F3D0041807D /* MissionsViewController.xib in Resources */ = {isa = PBXBuildFile; fileRef = 1DB405E315DB3F3D0041807D /* MissionsViewController.xib */; };
		1DB405ED15DB45390041807D /* KSP.m in Sources */ = {isa = PBXBuildFile; fileRef = 1DB405EC15DB45390041807D /* KSP.m */; };
		1DB405F915DBFF4C0041807D /* Part.m in Sources */ = {isa = PBXBuildFile; fileRef = 1DB405F815DBFF4C0041807D /* Part.m */; };
		1DB7013515F12C90002EC18D /* README.md in Resources */ = {isa = PBXBuildFile; fileRef = 1DB7013415F12C90002EC18D /* README.md */; };
		1DD06E9215F7FCB100202CB4 /* Orbit.m in Sources */ = {isa = PBXBuildFile; fileRef = 1DD06E9115F7FCB100202CB4 /* Orbit.m */; };
		1DD06E9615F7FCC700202CB4 /* VesselPart.m in Sources */ = {isa = PBXBuildFile; fileRef = 1DD06E9515F7FCC600202CB4 /* VesselPart.m */; };
		1DD06E9A15F93DC700202CB4 /* SavesViewController.m in Sources */ = {isa = PBXBuildFile; fileRef = 1DD06E9815F93DC700202CB4 /* SavesViewController.m */; };
		1DD06E9B15F93DC700202CB4 /* SavesViewController.xib in Resources */ = {isa = PBXBuildFile; fileRef = 1DD06E9915F93DC700202CB4 /* SavesViewController.xib */; };
/* End PBXBuildFile section */

/* Begin PBXCopyFilesBuildPhase section */
		1D56F41115FA349E0047042A /* CopyFiles */ = {
			isa = PBXCopyFilesBuildPhase;
			buildActionMask = 2147483647;
			dstPath = "";
			dstSubfolderSpec = 10;
			files = (
				1D03985015FA8EC300BA3D2F /* Sparkle.framework in CopyFiles */,
			);
			runOnlyForDeploymentPostprocessing = 0;
		};
/* End PBXCopyFilesBuildPhase section */

/* Begin PBXFileReference section */
		1D03984715FA8D7A00BA3D2F /* Sparkle.framework */ = {isa = PBXFileReference; lastKnownFileType = wrapper.framework; path = Sparkle.framework; sourceTree = "<group>"; };
		1D03985215FA99EC00BA3D2F /* CrewViewController.h */ = {isa = PBXFileReference; fileEncoding = 4; lastKnownFileType = sourcecode.c.h; path = CrewViewController.h; sourceTree = "<group>"; };
		1D03985315FA99EC00BA3D2F /* CrewViewController.m */ = {isa = PBXFileReference; fileEncoding = 4; lastKnownFileType = sourcecode.c.objc; path = CrewViewController.m; sourceTree = "<group>"; };
		1D03985415FA99EC00BA3D2F /* CrewViewController.xib */ = {isa = PBXFileReference; fileEncoding = 4; lastKnownFileType = file.xib; path = CrewViewController.xib; sourceTree = "<group>"; };
		1D16221F15EB315500C0F3CC /* KSPViewController.h */ = {isa = PBXFileReference; fileEncoding = 4; lastKnownFileType = sourcecode.c.h; path = KSPViewController.h; sourceTree = "<group>"; };
		1D16222015EB315500C0F3CC /* KSPViewController.m */ = {isa = PBXFileReference; fileEncoding = 4; lastKnownFileType = sourcecode.c.objc; path = KSPViewController.m; sourceTree = "<group>"; };
		1D16222215EBC82900C0F3CC /* Asset.h */ = {isa = PBXFileReference; fileEncoding = 4; lastKnownFileType = sourcecode.c.h; path = Asset.h; sourceTree = "<group>"; };
		1D16222315EBC82900C0F3CC /* Asset.m */ = {isa = PBXFileReference; fileEncoding = 4; lastKnownFileType = sourcecode.c.objc; path = Asset.m; sourceTree = "<group>"; };
		1D16222615EBC87200C0F3CC /* Plugin.h */ = {isa = PBXFileReference; fileEncoding = 4; lastKnownFileType = sourcecode.c.h; path = Plugin.h; sourceTree = "<group>"; };
		1D16222715EBC87200C0F3CC /* Plugin.m */ = {isa = PBXFileReference; fileEncoding = 4; lastKnownFileType = sourcecode.c.objc; path = Plugin.m; sourceTree = "<group>"; };
		1D16222915EBCCFB00C0F3CC /* LineToken.h */ = {isa = PBXFileReference; fileEncoding = 4; lastKnownFileType = sourcecode.c.h; path = LineToken.h; sourceTree = "<group>"; };
		1D16222A15EBCCFB00C0F3CC /* LineToken.m */ = {isa = PBXFileReference; fileEncoding = 4; lastKnownFileType = sourcecode.c.objc; path = LineToken.m; sourceTree = "<group>"; };
		1D16222C15EDBB8F00C0F3CC /* ShipViewController.h */ = {isa = PBXFileReference; fileEncoding = 4; lastKnownFileType = sourcecode.c.h; path = ShipViewController.h; sourceTree = "<group>"; };
		1D16222D15EDBB8F00C0F3CC /* ShipViewController.m */ = {isa = PBXFileReference; fileEncoding = 4; lastKnownFileType = sourcecode.c.objc; path = ShipViewController.m; sourceTree = "<group>"; };
		1D16222E15EDBB8F00C0F3CC /* ShipViewController.xib */ = {isa = PBXFileReference; fileEncoding = 4; lastKnownFileType = file.xib; path = ShipViewController.xib; sourceTree = "<group>"; };
		1D16223415EE721300C0F3CC /* PortableExecutableFormat.h */ = {isa = PBXFileReference; fileEncoding = 4; lastKnownFileType = sourcecode.c.h; path = PortableExecutableFormat.h; sourceTree = "<group>"; };
		1D16223515EE721300C0F3CC /* PortableExecutableFormat.m */ = {isa = PBXFileReference; fileEncoding = 4; lastKnownFileType = sourcecode.c.objc; path = PortableExecutableFormat.m; sourceTree = "<group>"; };
		1D16223715EE97D800C0F3CC /* KSPM-Icon.icns */ = {isa = PBXFileReference; lastKnownFileType = image.icns; path = "KSPM-Icon.icns"; sourceTree = "<group>"; };
		1D16223A15EE9F2B00C0F3CC /* LICENSE */ = {isa = PBXFileReference; fileEncoding = 4; lastKnownFileType = text; path = LICENSE; sourceTree = SOURCE_ROOT; };
		1D261D87160E731500AE02F6 /* Training.h */ = {isa = PBXFileReference; fileEncoding = 4; lastKnownFileType = sourcecode.c.h; path = Training.h; sourceTree = "<group>"; };
		1D261D88160E731500AE02F6 /* Training.m */ = {isa = PBXFileReference; fileEncoding = 4; lastKnownFileType = sourcecode.c.objc; path = Training.m; sourceTree = "<group>"; };
		1D261D8B160E733500AE02F6 /* Scenario.h */ = {isa = PBXFileReference; fileEncoding = 4; lastKnownFileType = sourcecode.c.h; path = Scenario.h; sourceTree = "<group>"; };
		1D261D8C160E733500AE02F6 /* Scenario.m */ = {isa = PBXFileReference; fileEncoding = 4; lastKnownFileType = sourcecode.c.objc; path = Scenario.m; sourceTree = "<group>"; };
		1D261D8F160E736F00AE02F6 /* Sandbox.h */ = {isa = PBXFileReference; fileEncoding = 4; lastKnownFileType = sourcecode.c.h; path = Sandbox.h; sourceTree = "<group>"; };
		1D261D90160E736F00AE02F6 /* Sandbox.m */ = {isa = PBXFileReference; fileEncoding = 4; lastKnownFileType = sourcecode.c.objc; path = Sandbox.m; sourceTree = "<group>"; };
		1D28B8AF160622C6009C7FD0 /* UtilityViewController.h */ = {isa = PBXFileReference; fileEncoding = 4; lastKnownFileType = sourcecode.c.h; path = UtilityViewController.h; sourceTree = "<group>"; };
		1D28B8B0160622C6009C7FD0 /* UtilityViewController.m */ = {isa = PBXFileReference; fileEncoding = 4; lastKnownFileType = sourcecode.c.objc; path = UtilityViewController.m; sourceTree = "<group>"; };
		1D28B8B1160622C6009C7FD0 /* UtilityViewController.xib */ = {isa = PBXFileReference; fileEncoding = 4; lastKnownFileType = file.xib; path = UtilityViewController.xib; sourceTree = "<group>"; };
		1D2ED53F15EB156900402EF1 /* InventoryViewController.h */ = {isa = PBXFileReference; fileEncoding = 4; lastKnownFileType = sourcecode.c.h; path = InventoryViewController.h; sourceTree = "<group>"; };
		1D2ED54015EB156900402EF1 /* InventoryViewController.m */ = {isa = PBXFileReference; fileEncoding = 4; lastKnownFileType = sourcecode.c.objc; path = InventoryViewController.m; sourceTree = "<group>"; };
		1D2ED54115EB156900402EF1 /* InventoryViewController.xib */ = {isa = PBXFileReference; fileEncoding = 4; lastKnownFileType = file.xib; path = InventoryViewController.xib; sourceTree = "<group>"; };
		1D3746AA15F7F23F00F858B3 /* PersistentObject.h */ = {isa = PBXFileReference; fileEncoding = 4; lastKnownFileType = sourcecode.c.h; path = PersistentObject.h; sourceTree = "<group>"; };
		1D3746AB15F7F23F00F858B3 /* PersistentObject.m */ = {isa = PBXFileReference; fileEncoding = 4; lastKnownFileType = sourcecode.c.objc; path = PersistentObject.m; sourceTree = "<group>"; };
		1D56F41515FA377C0047042A /* dsa_pub.pem */ = {isa = PBXFileReference; fileEncoding = 4; lastKnownFileType = text; path = dsa_pub.pem; sourceTree = "<group>"; };
		1D572150160274DA00D2427C /* KerbalNet.h */ = {isa = PBXFileReference; fileEncoding = 4; lastKnownFileType = sourcecode.c.h; path = KerbalNet.h; sourceTree = "<group>"; };
		1D572151160274DA00D2427C /* KerbalNet.m */ = {isa = PBXFileReference; fileEncoding = 4; lastKnownFileType = sourcecode.c.objc; path = KerbalNet.m; sourceTree = "<group>"; };
		1D57215516028B5400D2427C /* Remote.h */ = {isa = PBXFileReference; fileEncoding = 4; lastKnownFileType = sourcecode.c.h; path = Remote.h; sourceTree = "<group>"; };
		1D57215616028B5400D2427C /* Remote.m */ = {isa = PBXFileReference; fileEncoding = 4; lastKnownFileType = sourcecode.c.objc; path = Remote.m; sourceTree = "<group>"; };
		1D5721591603737900D2427C /* KerbalNetViewController.h */ = {isa = PBXFileReference; fileEncoding = 4; lastKnownFileType = sourcecode.c.h; path = KerbalNetViewController.h; sourceTree = "<group>"; };
		1D57215A1603737900D2427C /* KerbalNetViewController.m */ = {isa = PBXFileReference; fileEncoding = 4; lastKnownFileType = sourcecode.c.objc; path = KerbalNetViewController.m; sourceTree = "<group>"; };
		1D57215B1603737900D2427C /* KerbalNetViewController.xib */ = {isa = PBXFileReference; fileEncoding = 4; lastKnownFileType = file.xib; path = KerbalNetViewController.xib; sourceTree = "<group>"; };
		1D57216A1604292F00D2427C /* KerbalNetDelegate.h */ = {isa = PBXFileReference; fileEncoding = 4; lastKnownFileType = sourcecode.c.h; path = KerbalNetDelegate.h; sourceTree = "<group>"; };
		1D58B0F91607B77E0072A9D0 /* Prop.h */ = {isa = PBXFileReference; fileEncoding = 4; lastKnownFileType = sourcecode.c.h; path = Prop.h; sourceTree = "<group>"; };
		1D58B0FA1607B77E0072A9D0 /* Prop.m */ = {isa = PBXFileReference; fileEncoding = 4; lastKnownFileType = sourcecode.c.objc; path = Prop.m; sourceTree = "<group>"; };
		1D58B0FD1607B7980072A9D0 /* Space.h */ = {isa = PBXFileReference; fileEncoding = 4; lastKnownFileType = sourcecode.c.h; path = Space.h; sourceTree = "<group>"; };
		1D58B0FE1607B7980072A9D0 /* Space.m */ = {isa = PBXFileReference; fileEncoding = 4; lastKnownFileType = sourcecode.c.objc; path = Space.m; sourceTree = "<group>"; };
		1D58B1041608C29E0072A9D0 /* Credits.html */ = {isa = PBXFileReference; fileEncoding = 4; lastKnownFileType = text.html; path = Credits.html; sourceTree = "<group>"; };
		1D58B1091609031B0072A9D0 /* RealizedPart.h */ = {isa = PBXFileReference; fileEncoding = 4; lastKnownFileType = sourcecode.c.h; path = RealizedPart.h; sourceTree = "<group>"; };
		1D58B10A1609031B0072A9D0 /* RealizedPart.m */ = {isa = PBXFileReference; fileEncoding = 4; lastKnownFileType = sourcecode.c.objc; path = RealizedPart.m; sourceTree = "<group>"; };
		1D682A2415FCD93E007C84CB /* ConfigurationParser.h */ = {isa = PBXFileReference; fileEncoding = 4; lastKnownFileType = sourcecode.c.h; path = ConfigurationParser.h; sourceTree = "<group>"; };
		1D682A2515FCD93E007C84CB /* ConfigurationParser.m */ = {isa = PBXFileReference; fileEncoding = 4; lastKnownFileType = sourcecode.c.objc; path = ConfigurationParser.m; sourceTree = "<group>"; };
		1D682A2715FCD9CC007C84CB /* ConfigurationTokenizerDelegate.h */ = {isa = PBXFileReference; fileEncoding = 4; lastKnownFileType = sourcecode.c.h; path = ConfigurationTokenizerDelegate.h; sourceTree = "<group>"; };
		1D75BD6B15F79FA40037393E /* PersistenceFile.h */ = {isa = PBXFileReference; fileEncoding = 4; lastKnownFileType = sourcecode.c.h; path = PersistenceFile.h; sourceTree = "<group>"; };
		1D75BD6C15F79FA40037393E /* PersistenceFile.m */ = {isa = PBXFileReference; fileEncoding = 4; lastKnownFileType = sourcecode.c.objc; path = PersistenceFile.m; sourceTree = "<group>"; };
		1D75BD6E15F7A6770037393E /* Crew.h */ = {isa = PBXFileReference; fileEncoding = 4; lastKnownFileType = sourcecode.c.h; path = Crew.h; sourceTree = "<group>"; };
		1D75BD6F15F7A6770037393E /* Crew.m */ = {isa = PBXFileReference; fileEncoding = 4; lastKnownFileType = sourcecode.c.objc; path = Crew.m; sourceTree = "<group>"; };
		1D82916315F7A90600463E99 /* Vessel.h */ = {isa = PBXFileReference; fileEncoding = 4; lastKnownFileType = sourcecode.c.h; path = Vessel.h; sourceTree = "<group>"; };
		1D82916415F7A90600463E99 /* Vessel.m */ = {isa = PBXFileReference; fileEncoding = 4; lastKnownFileType = sourcecode.c.objc; path = Vessel.m; sourceTree = "<group>"; };
		1D9C8D6F16021861001C095F /* badge-24x24.png */ = {isa = PBXFileReference; lastKnownFileType = image.png; path = "badge-24x24.png"; sourceTree = "<group>"; };
		1D9C8D7016021861001C095F /* badge-36x36.png */ = {isa = PBXFileReference; lastKnownFileType = image.png; path = "badge-36x36.png"; sourceTree = "<group>"; };
		1D9C8D7116021861001C095F /* badge-48x48.png */ = {isa = PBXFileReference; lastKnownFileType = image.png; path = "badge-48x48.png"; sourceTree = "<group>"; };
		1D9C8D7516021914001C095F /* badge-red-24x24.png */ = {isa = PBXFileReference; lastKnownFileType = image.png; path = "badge-red-24x24.png"; sourceTree = "<group>"; };
		1DA65DBA160F8DFD00092123 /* SFSData.h */ = {isa = PBXFileReference; fileEncoding = 4; lastKnownFileType = sourcecode.c.h; path = SFSData.h; sourceTree = "<group>"; };
		1DA65DBB160F8DFD00092123 /* SFSData.m */ = {isa = PBXFileReference; fileEncoding = 4; lastKnownFileType = sourcecode.c.objc; path = SFSData.m; sourceTree = "<group>"; };
		1DB2E08D15FE97B500B1E0AF /* Ship.h */ = {isa = PBXFileReference; fileEncoding = 4; lastKnownFileType = sourcecode.c.h; path = Ship.h; sourceTree = "<group>"; };
		1DB2E08E15FE97B500B1E0AF /* Ship.m */ = {isa = PBXFileReference; fileEncoding = 4; lastKnownFileType = sourcecode.c.objc; path = Ship.m; sourceTree = "<group>"; };
		1DB2E09015FFA7B900B1E0AF /* AddonsViewController.h */ = {isa = PBXFileReference; fileEncoding = 4; lastKnownFileType = sourcecode.c.h; path = AddonsViewController.h; sourceTree = "<group>"; };
		1DB2E09115FFA7B900B1E0AF /* AddonsViewController.m */ = {isa = PBXFileReference; fileEncoding = 4; lastKnownFileType = sourcecode.c.objc; path = AddonsViewController.m; sourceTree = "<group>"; };
		1DB2E09215FFA7B900B1E0AF /* AddonsViewController.xib */ = {isa = PBXFileReference; fileEncoding = 4; lastKnownFileType = file.xib; path = AddonsViewController.xib; sourceTree = "<group>"; };
		1DB2E0961600CD5100B1E0AF /* TODO */ = {isa = PBXFileReference; fileEncoding = 4; lastKnownFileType = text; path = TODO; sourceTree = "<group>"; };
		1DB405B415DB3E230041807D /* KSPManager.app */ = {isa = PBXFileReference; explicitFileType = wrapper.application; includeInIndex = 0; path = KSPManager.app; sourceTree = BUILT_PRODUCTS_DIR; };
		1DB405B815DB3E230041807D /* Cocoa.framework */ = {isa = PBXFileReference; lastKnownFileType = wrapper.framework; name = Cocoa.framework; path = System/Library/Frameworks/Cocoa.framework; sourceTree = SDKROOT; };
		1DB405BB15DB3E230041807D /* AppKit.framework */ = {isa = PBXFileReference; lastKnownFileType = wrapper.framework; name = AppKit.framework; path = System/Library/Frameworks/AppKit.framework; sourceTree = SDKROOT; };
		1DB405BC15DB3E230041807D /* CoreData.framework */ = {isa = PBXFileReference; lastKnownFileType = wrapper.framework; name = CoreData.framework; path = System/Library/Frameworks/CoreData.framework; sourceTree = SDKROOT; };
		1DB405BD15DB3E230041807D /* Foundation.framework */ = {isa = PBXFileReference; lastKnownFileType = wrapper.framework; name = Foundation.framework; path = System/Library/Frameworks/Foundation.framework; sourceTree = SDKROOT; };
		1DB405C015DB3E230041807D /* KSPManager-Info.plist */ = {isa = PBXFileReference; lastKnownFileType = text.plist.xml; path = "KSPManager-Info.plist"; sourceTree = "<group>"; };
		1DB405C215DB3E230041807D /* en */ = {isa = PBXFileReference; lastKnownFileType = text.plist.strings; name = en; path = en.lproj/InfoPlist.strings; sourceTree = "<group>"; };
		1DB405C415DB3E230041807D /* main.m */ = {isa = PBXFileReference; lastKnownFileType = sourcecode.c.objc; path = main.m; sourceTree = "<group>"; };
		1DB405C615DB3E230041807D /* KSPManager-Prefix.pch */ = {isa = PBXFileReference; lastKnownFileType = sourcecode.c.h; path = "KSPManager-Prefix.pch"; sourceTree = "<group>"; };
		1DB405C815DB3E230041807D /* en */ = {isa = PBXFileReference; lastKnownFileType = text.rtf; name = en; path = en.lproj/Credits.rtf; sourceTree = "<group>"; };
		1DB405CA15DB3E230041807D /* AppDelegate.h */ = {isa = PBXFileReference; lastKnownFileType = sourcecode.c.h; path = AppDelegate.h; sourceTree = "<group>"; };
		1DB405CB15DB3E230041807D /* AppDelegate.m */ = {isa = PBXFileReference; lastKnownFileType = sourcecode.c.objc; path = AppDelegate.m; sourceTree = "<group>"; };
		1DB405CE15DB3E230041807D /* en */ = {isa = PBXFileReference; lastKnownFileType = file.xib; name = en; path = en.lproj/MainMenu.xib; sourceTree = "<group>"; };
		1DB405E115DB3F3D0041807D /* MissionsViewController.h */ = {isa = PBXFileReference; fileEncoding = 4; lastKnownFileType = sourcecode.c.h; path = MissionsViewController.h; sourceTree = "<group>"; };
		1DB405E215DB3F3D0041807D /* MissionsViewController.m */ = {isa = PBXFileReference; fileEncoding = 4; lastKnownFileType = sourcecode.c.objc; path = MissionsViewController.m; sourceTree = "<group>"; };
		1DB405E315DB3F3D0041807D /* MissionsViewController.xib */ = {isa = PBXFileReference; fileEncoding = 4; lastKnownFileType = file.xib; path = MissionsViewController.xib; sourceTree = "<group>"; };
		1DB405EB15DB45390041807D /* KSP.h */ = {isa = PBXFileReference; fileEncoding = 4; lastKnownFileType = sourcecode.c.h; path = KSP.h; sourceTree = "<group>"; };
		1DB405EC15DB45390041807D /* KSP.m */ = {isa = PBXFileReference; fileEncoding = 4; lastKnownFileType = sourcecode.c.objc; path = KSP.m; sourceTree = "<group>"; };
		1DB405F615DBFD060041807D /* KSP_Constants.h */ = {isa = PBXFileReference; lastKnownFileType = sourcecode.c.h; path = KSP_Constants.h; sourceTree = "<group>"; };
		1DB405F715DBFF4C0041807D /* Part.h */ = {isa = PBXFileReference; fileEncoding = 4; lastKnownFileType = sourcecode.c.h; path = Part.h; sourceTree = "<group>"; };
		1DB405F815DBFF4C0041807D /* Part.m */ = {isa = PBXFileReference; fileEncoding = 4; lastKnownFileType = sourcecode.c.objc; path = Part.m; sourceTree = "<group>"; };
		1DB7013415F12C90002EC18D /* README.md */ = {isa = PBXFileReference; fileEncoding = 4; lastKnownFileType = text; path = README.md; sourceTree = SOURCE_ROOT; };
		1DB7013B15F2864F002EC18D /* pe.h */ = {isa = PBXFileReference; fileEncoding = 4; lastKnownFileType = sourcecode.c.h; path = pe.h; sourceTree = "<group>"; };
		1DB7013C15F2864F002EC18D /* msve.h */ = {isa = PBXFileReference; fileEncoding = 4; lastKnownFileType = sourcecode.c.h; path = msve.h; sourceTree = "<group>"; };
		1DD06E9015F7FCB100202CB4 /* Orbit.h */ = {isa = PBXFileReference; fileEncoding = 4; lastKnownFileType = sourcecode.c.h; path = Orbit.h; sourceTree = "<group>"; };
		1DD06E9115F7FCB100202CB4 /* Orbit.m */ = {isa = PBXFileReference; fileEncoding = 4; lastKnownFileType = sourcecode.c.objc; path = Orbit.m; sourceTree = "<group>"; };
		1DD06E9415F7FCC600202CB4 /* VesselPart.h */ = {isa = PBXFileReference; fileEncoding = 4; lastKnownFileType = sourcecode.c.h; path = VesselPart.h; sourceTree = "<group>"; };
		1DD06E9515F7FCC600202CB4 /* VesselPart.m */ = {isa = PBXFileReference; fileEncoding = 4; lastKnownFileType = sourcecode.c.objc; path = VesselPart.m; sourceTree = "<group>"; };
		1DD06E9715F93DC700202CB4 /* SavesViewController.h */ = {isa = PBXFileReference; fileEncoding = 4; lastKnownFileType = sourcecode.c.h; path = SavesViewController.h; sourceTree = "<group>"; };
		1DD06E9815F93DC700202CB4 /* SavesViewController.m */ = {isa = PBXFileReference; fileEncoding = 4; lastKnownFileType = sourcecode.c.objc; path = SavesViewController.m; sourceTree = "<group>"; };
		1DD06E9915F93DC700202CB4 /* SavesViewController.xib */ = {isa = PBXFileReference; fileEncoding = 4; lastKnownFileType = file.xib; path = SavesViewController.xib; sourceTree = "<group>"; };
/* End PBXFileReference section */

/* Begin PBXFrameworksBuildPhase section */
		1DB405B115DB3E230041807D /* Frameworks */ = {
			isa = PBXFrameworksBuildPhase;
			buildActionMask = 2147483647;
			files = (
				1DB405B915DB3E230041807D /* Cocoa.framework in Frameworks */,
				1D03984F15FA8E7400BA3D2F /* Sparkle.framework in Frameworks */,
			);
			runOnlyForDeploymentPostprocessing = 0;
		};
/* End PBXFrameworksBuildPhase section */

/* Begin PBXGroup section */
		1D03984A15FA8DFA00BA3D2F /* Missions Tab */ = {
			isa = PBXGroup;
			children = (
				1DB405E115DB3F3D0041807D /* MissionsViewController.h */,
				1DB405E215DB3F3D0041807D /* MissionsViewController.m */,
			);
			name = "Missions Tab";
			sourceTree = "<group>";
		};
		1D03984C15FA8E1200BA3D2F /* Inventory Tab */ = {
			isa = PBXGroup;
			children = (
				1D2ED53F15EB156900402EF1 /* InventoryViewController.h */,
				1D2ED54015EB156900402EF1 /* InventoryViewController.m */,
			);
			name = "Inventory Tab";
			sourceTree = "<group>";
		};
		1D03984D15FA8E1D00BA3D2F /* Ship Tab */ = {
			isa = PBXGroup;
			children = (
				1D16222C15EDBB8F00C0F3CC /* ShipViewController.h */,
				1D16222D15EDBB8F00C0F3CC /* ShipViewController.m */,
			);
			name = "Ship Tab";
			sourceTree = "<group>";
		};
		1D03984E15FA8E3000BA3D2F /* Saves Tab */ = {
			isa = PBXGroup;
			children = (
				1DD06E9715F93DC700202CB4 /* SavesViewController.h */,
				1DD06E9815F93DC700202CB4 /* SavesViewController.m */,
			);
			name = "Saves Tab";
			sourceTree = "<group>";
		};
		1D03985115FA99D100BA3D2F /* Crew Tab */ = {
			isa = PBXGroup;
			children = (
				1D03985215FA99EC00BA3D2F /* CrewViewController.h */,
				1D03985315FA99EC00BA3D2F /* CrewViewController.m */,
			);
			name = "Crew Tab";
			sourceTree = "<group>";
		};
		1D16222515EBC83800C0F3CC /* Assets */ = {
			isa = PBXGroup;
			children = (
				1D16222215EBC82900C0F3CC /* Asset.h */,
				1D16222315EBC82900C0F3CC /* Asset.m */,
				1D682A2215FCD8B8007C84CB /* Parts */,
				1D682A2315FCD8C4007C84CB /* Plugins */,
				1D682A1A15FAD309007C84CB /* Ships */,
				1D57215416028B3600D2427C /* Remote */,
				1D58B0FC1607B7840072A9D0 /* Internal/Prop */,
				1D58B1001607B79F0072A9D0 /* Internal/Space */,
				1D261D8A160E731A00AE02F6 /* Training */,
				1D261D8E160E733B00AE02F6 /* Scenario */,
				1D261D92160E737400AE02F6 /* Sandbox */,
			);
			name = Assets;
			sourceTree = "<group>";
		};
		1D16223915EE9F1800C0F3CC /* Documentation */ = {
			isa = PBXGroup;
			children = (
				1D16223A15EE9F2B00C0F3CC /* LICENSE */,
				1DB7013415F12C90002EC18D /* README.md */,
			);
			name = Documentation;
			sourceTree = "<group>";
		};
		1D261D8A160E731A00AE02F6 /* Training */ = {
			isa = PBXGroup;
			children = (
				1D261D87160E731500AE02F6 /* Training.h */,
				1D261D88160E731500AE02F6 /* Training.m */,
			);
			name = Training;
			sourceTree = "<group>";
		};
		1D261D8E160E733B00AE02F6 /* Scenario */ = {
			isa = PBXGroup;
			children = (
				1D261D8B160E733500AE02F6 /* Scenario.h */,
				1D261D8C160E733500AE02F6 /* Scenario.m */,
			);
			name = Scenario;
			sourceTree = "<group>";
		};
		1D261D92160E737400AE02F6 /* Sandbox */ = {
			isa = PBXGroup;
			children = (
				1D261D8F160E736F00AE02F6 /* Sandbox.h */,
				1D261D90160E736F00AE02F6 /* Sandbox.m */,
			);
			name = Sandbox;
			sourceTree = "<group>";
		};
		1D28B8B4160622D2009C7FD0 /* Utility */ = {
			isa = PBXGroup;
			children = (
				1D28B8AF160622C6009C7FD0 /* UtilityViewController.h */,
				1D28B8B0160622C6009C7FD0 /* UtilityViewController.m */,
			);
			name = Utility;
			sourceTree = "<group>";
		};
		1D57215416028B3600D2427C /* Remote */ = {
			isa = PBXGroup;
			children = (
				1D57215516028B5400D2427C /* Remote.h */,
				1D57215616028B5400D2427C /* Remote.m */,
			);
			name = Remote;
			sourceTree = "<group>";
		};
		1D5721581603735B00D2427C /* KerbalNet */ = {
			isa = PBXGroup;
			children = (
				1D5721591603737900D2427C /* KerbalNetViewController.h */,
				1D57215A1603737900D2427C /* KerbalNetViewController.m */,
			);
			name = KerbalNet;
			sourceTree = "<group>";
		};
		1D57215E1603739000D2427C /* KerbalNet */ = {
			isa = PBXGroup;
			children = (
				1D572150160274DA00D2427C /* KerbalNet.h */,
				1D572151160274DA00D2427C /* KerbalNet.m */,
				1D57216A1604292F00D2427C /* KerbalNetDelegate.h */,
			);
			name = KerbalNet;
			sourceTree = "<group>";
		};
		1D57215F16037AF100D2427C /* Preferences */ = {
			isa = PBXGroup;
			children = (
			);
			name = Preferences;
			sourceTree = "<group>";
		};
		1D57216516037B3000D2427C /* Main Window */ = {
			isa = PBXGroup;
			children = (
				1DB405CD15DB3E230041807D /* MainMenu.xib */,
				1DB2E09215FFA7B900B1E0AF /* AddonsViewController.xib */,
				1DB405E315DB3F3D0041807D /* MissionsViewController.xib */,
				1D03985415FA99EC00BA3D2F /* CrewViewController.xib */,
				1D2ED54115EB156900402EF1 /* InventoryViewController.xib */,
				1D16222E15EDBB8F00C0F3CC /* ShipViewController.xib */,
				1DD06E9915F93DC700202CB4 /* SavesViewController.xib */,
				1D57215B1603737900D2427C /* KerbalNetViewController.xib */,
				1D28B8B1160622C6009C7FD0 /* UtilityViewController.xib */,
			);
			name = "Main Window";
			sourceTree = "<group>";
		};
		1D57216616037B4500D2427C /* Preference Pane */ = {
			isa = PBXGroup;
			children = (
			);
			name = "Preference Pane";
			sourceTree = "<group>";
		};
		1D57216816037C3000D2427C /* Main Window */ = {
			isa = PBXGroup;
			children = (
				1D16221F15EB315500C0F3CC /* KSPViewController.h */,
				1D16222015EB315500C0F3CC /* KSPViewController.m */,
				1DB2E09515FFA7C300B1E0AF /* Addons Tab */,
				1D03984A15FA8DFA00BA3D2F /* Missions Tab */,
				1D03985115FA99D100BA3D2F /* Crew Tab */,
				1D03984C15FA8E1200BA3D2F /* Inventory Tab */,
				1D03984D15FA8E1D00BA3D2F /* Ship Tab */,
				1D03984E15FA8E3000BA3D2F /* Saves Tab */,
				1D5721581603735B00D2427C /* KerbalNet */,
				1D28B8B4160622D2009C7FD0 /* Utility */,
			);
			name = "Main Window";
			sourceTree = "<group>";
		};
		1D58B0FC1607B7840072A9D0 /* Internal/Prop */ = {
			isa = PBXGroup;
			children = (
				1D58B0F91607B77E0072A9D0 /* Prop.h */,
				1D58B0FA1607B77E0072A9D0 /* Prop.m */,
			);
			name = Internal/Prop;
			sourceTree = "<group>";
		};
		1D58B1001607B79F0072A9D0 /* Internal/Space */ = {
			isa = PBXGroup;
			children = (
				1D58B0FD1607B7980072A9D0 /* Space.h */,
				1D58B0FE1607B7980072A9D0 /* Space.m */,
			);
			name = Internal/Space;
			sourceTree = "<group>";
		};
		1D682A1A15FAD309007C84CB /* Ships */ = {
			isa = PBXGroup;
			children = (
				1DB2E08D15FE97B500B1E0AF /* Ship.h */,
				1DB2E08E15FE97B500B1E0AF /* Ship.m */,
				1D58B1091609031B0072A9D0 /* RealizedPart.h */,
				1D58B10A1609031B0072A9D0 /* RealizedPart.m */,
			);
			name = Ships;
			sourceTree = "<group>";
		};
		1D682A2215FCD8B8007C84CB /* Parts */ = {
			isa = PBXGroup;
			children = (
				1DB405F715DBFF4C0041807D /* Part.h */,
				1DB405F815DBFF4C0041807D /* Part.m */,
			);
			name = Parts;
			sourceTree = "<group>";
		};
		1D682A2315FCD8C4007C84CB /* Plugins */ = {
			isa = PBXGroup;
			children = (
				1D16222615EBC87200C0F3CC /* Plugin.h */,
				1D16222715EBC87200C0F3CC /* Plugin.m */,
			);
			name = Plugins;
			sourceTree = "<group>";
		};
		1D75BD6715F79F570037393E /* Mission */ = {
			isa = PBXGroup;
			children = (
				1D75BD6B15F79FA40037393E /* PersistenceFile.h */,
				1D75BD6C15F79FA40037393E /* PersistenceFile.m */,
				1D3746AA15F7F23F00F858B3 /* PersistentObject.h */,
				1D3746AB15F7F23F00F858B3 /* PersistentObject.m */,
				1D75BD6E15F7A6770037393E /* Crew.h */,
				1D75BD6F15F7A6770037393E /* Crew.m */,
				1D82916315F7A90600463E99 /* Vessel.h */,
				1D82916415F7A90600463E99 /* Vessel.m */,
				1DD06E9015F7FCB100202CB4 /* Orbit.h */,
				1DD06E9115F7FCB100202CB4 /* Orbit.m */,
				1DD06E9415F7FCC600202CB4 /* VesselPart.h */,
				1DD06E9515F7FCC600202CB4 /* VesselPart.m */,
			);
			name = Mission;
			sourceTree = "<group>";
		};
		1D9C8D6E16021842001C095F /* Art */ = {
			isa = PBXGroup;
			children = (
				1D9C8D7516021914001C095F /* badge-red-24x24.png */,
				1D9C8D6F16021861001C095F /* badge-24x24.png */,
				1D9C8D7016021861001C095F /* badge-36x36.png */,
				1D9C8D7116021861001C095F /* badge-48x48.png */,
				1D16223715EE97D800C0F3CC /* KSPM-Icon.icns */,
			);
			name = Art;
			sourceTree = "<group>";
		};
		1DB2E08815FE2DD500B1E0AF /* File Parsing */ = {
			isa = PBXGroup;
			children = (
				1D16222915EBCCFB00C0F3CC /* LineToken.h */,
				1D16222A15EBCCFB00C0F3CC /* LineToken.m */,
				1D682A2415FCD93E007C84CB /* ConfigurationParser.h */,
				1D682A2715FCD9CC007C84CB /* ConfigurationTokenizerDelegate.h */,
				1D682A2515FCD93E007C84CB /* ConfigurationParser.m */,
				1DA65DBA160F8DFD00092123 /* SFSData.h */,
				1DA65DBB160F8DFD00092123 /* SFSData.m */,
			);
			name = "File Parsing";
			sourceTree = "<group>";
		};
		1DB2E09515FFA7C300B1E0AF /* Addons Tab */ = {
			isa = PBXGroup;
			children = (
				1DB2E09015FFA7B900B1E0AF /* AddonsViewController.h */,
				1DB2E09115FFA7B900B1E0AF /* AddonsViewController.m */,
			);
			name = "Addons Tab";
			sourceTree = "<group>";
		};
		1DB405A915DB3E230041807D = {
			isa = PBXGroup;
			children = (
				1DB2E0961600CD5100B1E0AF /* TODO */,
				1DB405BE15DB3E230041807D /* KSPManager */,
				1DB405B715DB3E230041807D /* Frameworks */,
				1DB405B515DB3E230041807D /* Products */,
			);
			sourceTree = "<group>";
		};
		1DB405B515DB3E230041807D /* Products */ = {
			isa = PBXGroup;
			children = (
				1DB405B415DB3E230041807D /* KSPManager.app */,
			);
			name = Products;
			sourceTree = "<group>";
		};
		1DB405B715DB3E230041807D /* Frameworks */ = {
			isa = PBXGroup;
			children = (
				1DB405B815DB3E230041807D /* Cocoa.framework */,
				1DB405BA15DB3E230041807D /* Other Frameworks */,
			);
			name = Frameworks;
			sourceTree = "<group>";
		};
		1DB405BA15DB3E230041807D /* Other Frameworks */ = {
			isa = PBXGroup;
			children = (
				1D03984715FA8D7A00BA3D2F /* Sparkle.framework */,
				1DB405BB15DB3E230041807D /* AppKit.framework */,
				1DB405BC15DB3E230041807D /* CoreData.framework */,
				1DB405BD15DB3E230041807D /* Foundation.framework */,
			);
			name = "Other Frameworks";
			sourceTree = "<group>";
		};
		1DB405BE15DB3E230041807D /* KSPManager */ = {
			isa = PBXGroup;
			children = (
				1D16223915EE9F1800C0F3CC /* Documentation */,
				1DB405CA15DB3E230041807D /* AppDelegate.h */,
				1DB405CB15DB3E230041807D /* AppDelegate.m */,
				1DB405E615DB3F450041807D /* Model */,
				1DB405D615DB3E7A0041807D /* View Controllers */,
				1DB405D515DB3E670041807D /* NIBs */,
				1DB405BF15DB3E230041807D /* Supporting Files */,
			);
			path = KSPManager;
			sourceTree = "<group>";
		};
		1DB405BF15DB3E230041807D /* Supporting Files */ = {
			isa = PBXGroup;
			children = (
				1D9C8D6E16021842001C095F /* Art */,
				1D56F41515FA377C0047042A /* dsa_pub.pem */,
				1DB405C015DB3E230041807D /* KSPManager-Info.plist */,
				1DB405C115DB3E230041807D /* InfoPlist.strings */,
				1DB405C415DB3E230041807D /* main.m */,
				1DB405C615DB3E230041807D /* KSPManager-Prefix.pch */,
				1DB405C715DB3E230041807D /* Credits.rtf */,
				1D58B1041608C29E0072A9D0 /* Credits.html */,
			);
			name = "Supporting Files";
			sourceTree = "<group>";
		};
		1DB405D515DB3E670041807D /* NIBs */ = {
			isa = PBXGroup;
			children = (
				1D57216616037B4500D2427C /* Preference Pane */,
				1D57216516037B3000D2427C /* Main Window */,
			);
			name = NIBs;
			sourceTree = "<group>";
		};
		1DB405D615DB3E7A0041807D /* View Controllers */ = {
			isa = PBXGroup;
			children = (
				1D57216816037C3000D2427C /* Main Window */,
				1D57215F16037AF100D2427C /* Preferences */,
			);
			name = "View Controllers";
			sourceTree = "<group>";
		};
		1DB405E615DB3F450041807D /* Model */ = {
			isa = PBXGroup;
			children = (
				1DB405F615DBFD060041807D /* KSP_Constants.h */,
				1DB405FD15DC4E010041807D /* Utility */,
				1DB405EB15DB45390041807D /* KSP.h */,
				1DB405EC15DB45390041807D /* KSP.m */,
				1D57215E1603739000D2427C /* KerbalNet */,
				1D16222515EBC83800C0F3CC /* Assets */,
				1D75BD6715F79F570037393E /* Mission */,
			);
			name = Model;
			sourceTree = "<group>";
		};
		1DB405FD15DC4E010041807D /* Utility */ = {
			isa = PBXGroup;
			children = (
				1DB7013A15F193FF002EC18D /* Portable Executable */,
				1DB2E08815FE2DD500B1E0AF /* File Parsing */,
			);
			name = Utility;
			sourceTree = "<group>";
		};
		1DB7013A15F193FF002EC18D /* Portable Executable */ = {
			isa = PBXGroup;
			children = (
				1DB7013B15F2864F002EC18D /* pe.h */,
				1DB7013C15F2864F002EC18D /* msve.h */,
				1D16223415EE721300C0F3CC /* PortableExecutableFormat.h */,
				1D16223515EE721300C0F3CC /* PortableExecutableFormat.m */,
			);
			name = "Portable Executable";
			sourceTree = "<group>";
		};
/* End PBXGroup section */

/* Begin PBXNativeTarget section */
		1DB405B315DB3E230041807D /* KSPManager */ = {
			isa = PBXNativeTarget;
			buildConfigurationList = 1DB405D215DB3E230041807D /* Build configuration list for PBXNativeTarget "KSPManager" */;
			buildPhases = (
				1D75BD6615F701390037393E /* ShellScript */,
				1DB405B015DB3E230041807D /* Sources */,
				1DB405B115DB3E230041807D /* Frameworks */,
				1DB405B215DB3E230041807D /* Resources */,
				1D56F41115FA349E0047042A /* CopyFiles */,
			);
			buildRules = (
			);
			dependencies = (
			);
			name = KSPManager;
			productName = KSPManager;
			productReference = 1DB405B415DB3E230041807D /* KSPManager.app */;
			productType = "com.apple.product-type.application";
		};
/* End PBXNativeTarget section */

/* Begin PBXProject section */
		1DB405AB15DB3E230041807D /* Project object */ = {
			isa = PBXProject;
			attributes = {
				LastUpgradeCheck = 0440;
				ORGANIZATIONNAME = "Symbolic Armageddon";
			};
			buildConfigurationList = 1DB405AE15DB3E230041807D /* Build configuration list for PBXProject "KSPManager" */;
			compatibilityVersion = "Xcode 3.2";
			developmentRegion = English;
			hasScannedForEncodings = 0;
			knownRegions = (
				en,
			);
			mainGroup = 1DB405A915DB3E230041807D;
			productRefGroup = 1DB405B515DB3E230041807D /* Products */;
			projectDirPath = "";
			projectRoot = "";
			targets = (
				1DB405B315DB3E230041807D /* KSPManager */,
			);
		};
/* End PBXProject section */

/* Begin PBXResourcesBuildPhase section */
		1DB405B215DB3E230041807D /* Resources */ = {
			isa = PBXResourcesBuildPhase;
			buildActionMask = 2147483647;
			files = (
				1DB405C315DB3E230041807D /* InfoPlist.strings in Resources */,
				1DB405C915DB3E230041807D /* Credits.rtf in Resources */,
				1DB405CF15DB3E230041807D /* MainMenu.xib in Resources */,
				1DB405E515DB3F3D0041807D /* MissionsViewController.xib in Resources */,
				1D2ED54315EB156900402EF1 /* InventoryViewController.xib in Resources */,
				1D16223015EDBB8F00C0F3CC /* ShipViewController.xib in Resources */,
				1D16223815EE97D800C0F3CC /* KSPM-Icon.icns in Resources */,
				1D16223C15EE9F2B00C0F3CC /* LICENSE in Resources */,
				1DB7013515F12C90002EC18D /* README.md in Resources */,
				1DD06E9B15F93DC700202CB4 /* SavesViewController.xib in Resources */,
				1D56F41615FA377C0047042A /* dsa_pub.pem in Resources */,
				1D03985615FA99EC00BA3D2F /* CrewViewController.xib in Resources */,
				1DB2E09415FFA7B900B1E0AF /* AddonsViewController.xib in Resources */,
				1D9C8D7216021861001C095F /* badge-24x24.png in Resources */,
				1D9C8D7316021861001C095F /* badge-36x36.png in Resources */,
				1D9C8D7416021861001C095F /* badge-48x48.png in Resources */,
				1D9C8D7616021914001C095F /* badge-red-24x24.png in Resources */,
				1D57215D1603737900D2427C /* KerbalNetViewController.xib in Resources */,
				1D28B8B3160622C6009C7FD0 /* UtilityViewController.xib in Resources */,
				1D58B1051608C29E0072A9D0 /* Credits.html in Resources */,
			);
			runOnlyForDeploymentPostprocessing = 0;
		};
/* End PBXResourcesBuildPhase section */

/* Begin PBXShellScriptBuildPhase section */
		1D75BD6615F701390037393E /* ShellScript */ = {
			isa = PBXShellScriptBuildPhase;
			buildActionMask = 2147483647;
			files = (
			);
			inputPaths = (
			);
			outputPaths = (
			);
			runOnlyForDeploymentPostprocessing = 0;
			shellPath = /bin/bash;
			shellScript = "buildPlist=${INFOPLIST_FILE}\nCFBundleVersion=$(/usr/libexec/PlistBuddy -c \"Print CFBundleVersion\" $buildPlist)\nCFBundleVersion=$(($CFBundleVersion + 1))\n/usr/libexec/PlistBuddy -c \"Set :CFBundleVersion $CFBundleVersion\" $buildPlist";
		};
/* End PBXShellScriptBuildPhase section */

/* Begin PBXSourcesBuildPhase section */
		1DB405B015DB3E230041807D /* Sources */ = {
			isa = PBXSourcesBuildPhase;
			buildActionMask = 2147483647;
			files = (
				1DB405C515DB3E230041807D /* main.m in Sources */,
				1DB405CC15DB3E230041807D /* AppDelegate.m in Sources */,
				1DB405E415DB3F3D0041807D /* MissionsViewController.m in Sources */,
				1DB405ED15DB45390041807D /* KSP.m in Sources */,
				1DB405F915DBFF4C0041807D /* Part.m in Sources */,
				1D2ED54215EB156900402EF1 /* InventoryViewController.m in Sources */,
				1D16222115EB315500C0F3CC /* KSPViewController.m in Sources */,
				1D16222415EBC82900C0F3CC /* Asset.m in Sources */,
				1D16222815EBC87200C0F3CC /* Plugin.m in Sources */,
				1D16222B15EBCCFB00C0F3CC /* LineToken.m in Sources */,
				1D16222F15EDBB8F00C0F3CC /* ShipViewController.m in Sources */,
				1D16223615EE721300C0F3CC /* PortableExecutableFormat.m in Sources */,
				1D75BD6D15F79FA40037393E /* PersistenceFile.m in Sources */,
				1D75BD7015F7A6770037393E /* Crew.m in Sources */,
				1D82916515F7A90600463E99 /* Vessel.m in Sources */,
				1D3746AC15F7F23F00F858B3 /* PersistentObject.m in Sources */,
				1DD06E9215F7FCB100202CB4 /* Orbit.m in Sources */,
				1DD06E9615F7FCC700202CB4 /* VesselPart.m in Sources */,
				1DD06E9A15F93DC700202CB4 /* SavesViewController.m in Sources */,
				1D03985515FA99EC00BA3D2F /* CrewViewController.m in Sources */,
				1D682A2615FCD93E007C84CB /* ConfigurationParser.m in Sources */,
				1DB2E08F15FE97B500B1E0AF /* Ship.m in Sources */,
				1DB2E09315FFA7B900B1E0AF /* AddonsViewController.m in Sources */,
				1D572152160274DB00D2427C /* KerbalNet.m in Sources */,
				1D57215716028B5400D2427C /* Remote.m in Sources */,
				1D57215C1603737900D2427C /* KerbalNetViewController.m in Sources */,
				1D28B8B2160622C6009C7FD0 /* UtilityViewController.m in Sources */,
				1D58B0FB1607B77E0072A9D0 /* Prop.m in Sources */,
				1D58B0FF1607B7980072A9D0 /* Space.m in Sources */,
				1D58B10B1609031B0072A9D0 /* RealizedPart.m in Sources */,
				1D261D89160E731500AE02F6 /* Training.m in Sources */,
				1D261D8D160E733500AE02F6 /* Scenario.m in Sources */,
				1D261D91160E736F00AE02F6 /* Sandbox.m in Sources */,
				1DA65DBC160F8DFD00092123 /* SFSData.m in Sources */,
			);
			runOnlyForDeploymentPostprocessing = 0;
		};
/* End PBXSourcesBuildPhase section */

/* Begin PBXVariantGroup section */
		1DB405C115DB3E230041807D /* InfoPlist.strings */ = {
			isa = PBXVariantGroup;
			children = (
				1DB405C215DB3E230041807D /* en */,
			);
			name = InfoPlist.strings;
			sourceTree = "<group>";
		};
		1DB405C715DB3E230041807D /* Credits.rtf */ = {
			isa = PBXVariantGroup;
			children = (
				1DB405C815DB3E230041807D /* en */,
			);
			name = Credits.rtf;
			sourceTree = "<group>";
		};
		1DB405CD15DB3E230041807D /* MainMenu.xib */ = {
			isa = PBXVariantGroup;
			children = (
				1DB405CE15DB3E230041807D /* en */,
			);
			name = MainMenu.xib;
			sourceTree = "<group>";
		};
/* End PBXVariantGroup section */

/* Begin XCBuildConfiguration section */
		1DB405D015DB3E230041807D /* Debug */ = {
			isa = XCBuildConfiguration;
			buildSettings = {
				ALWAYS_SEARCH_USER_PATHS = NO;
				ARCHS = "$(ARCHS_STANDARD_64_BIT)";
				CLANG_CXX_LANGUAGE_STANDARD = "gnu++0x";
				CLANG_ENABLE_OBJC_ARC = YES;
				CLANG_WARN__DUPLICATE_METHOD_MATCH = YES;
				COPY_PHASE_STRIP = NO;
				GCC_C_LANGUAGE_STANDARD = gnu99;
				GCC_DYNAMIC_NO_PIC = NO;
				GCC_ENABLE_OBJC_EXCEPTIONS = YES;
				GCC_OPTIMIZATION_LEVEL = 0;
				GCC_PREPROCESSOR_DEFINITIONS = (
					"DEBUG=1",
					"$(inherited)",
				);
				GCC_SYMBOLS_PRIVATE_EXTERN = NO;
				GCC_WARN_64_TO_32_BIT_CONVERSION = YES;
				GCC_WARN_ABOUT_RETURN_TYPE = YES;
				GCC_WARN_UNINITIALIZED_AUTOS = YES;
				GCC_WARN_UNUSED_VARIABLE = YES;
				MACOSX_DEPLOYMENT_TARGET = 10.7;
				ONLY_ACTIVE_ARCH = YES;
				SDKROOT = macosx10.7;
			};
			name = Debug;
		};
		1DB405D115DB3E230041807D /* Release */ = {
			isa = XCBuildConfiguration;
			buildSettings = {
				ALWAYS_SEARCH_USER_PATHS = NO;
				ARCHS = "$(ARCHS_STANDARD_64_BIT)";
				CLANG_CXX_LANGUAGE_STANDARD = "gnu++0x";
				CLANG_ENABLE_OBJC_ARC = YES;
				CLANG_WARN__DUPLICATE_METHOD_MATCH = YES;
				COPY_PHASE_STRIP = YES;
				DEBUG_INFORMATION_FORMAT = "dwarf-with-dsym";
				GCC_C_LANGUAGE_STANDARD = gnu99;
				GCC_ENABLE_OBJC_EXCEPTIONS = YES;
				GCC_WARN_64_TO_32_BIT_CONVERSION = YES;
				GCC_WARN_ABOUT_RETURN_TYPE = YES;
				GCC_WARN_UNINITIALIZED_AUTOS = YES;
				GCC_WARN_UNUSED_VARIABLE = YES;
				MACOSX_DEPLOYMENT_TARGET = 10.7;
				SDKROOT = macosx10.7;
			};
			name = Release;
		};
		1DB405D315DB3E230041807D /* Debug */ = {
			isa = XCBuildConfiguration;
			buildSettings = {
				COMBINE_HIDPI_IMAGES = YES;
				FRAMEWORK_SEARCH_PATHS = (
					"$(inherited)",
					"\"$(SRCROOT)\"",
				);
				GCC_PRECOMPILE_PREFIX_HEADER = YES;
				GCC_PREFIX_HEADER = "KSPManager/KSPManager-Prefix.pch";
				INFOPLIST_FILE = "KSPManager/KSPManager-Info.plist";
				PRODUCT_NAME = "$(TARGET_NAME)";
				WRAPPER_EXTENSION = app;
			};
			name = Debug;
		};
		1DB405D415DB3E230041807D /* Release */ = {
			isa = XCBuildConfiguration;
			buildSettings = {
				COMBINE_HIDPI_IMAGES = YES;
				FRAMEWORK_SEARCH_PATHS = (
					"$(inherited)",
					"\"$(SRCROOT)\"",
				);
				GCC_PRECOMPILE_PREFIX_HEADER = YES;
				GCC_PREFIX_HEADER = "KSPManager/KSPManager-Prefix.pch";
				INFOPLIST_FILE = "KSPManager/KSPManager-Info.plist";
				PRODUCT_NAME = "$(TARGET_NAME)";
				WRAPPER_EXTENSION = app;
			};
			name = Release;
		};
/* End XCBuildConfiguration section */

/* Begin XCConfigurationList section */
		1DB405AE15DB3E230041807D /* Build configuration list for PBXProject "KSPManager" */ = {
			isa = XCConfigurationList;
			buildConfigurations = (
				1DB405D015DB3E230041807D /* Debug */,
				1DB405D115DB3E230041807D /* Release */,
			);
			defaultConfigurationIsVisible = 0;
			defaultConfigurationName = Release;
		};
		1DB405D215DB3E230041807D /* Build configuration list for PBXNativeTarget "KSPManager" */ = {
			isa = XCConfigurationList;
			buildConfigurations = (
				1DB405D315DB3E230041807D /* Debug */,
				1DB405D415DB3E230041807D /* Release */,
			);
			defaultConfigurationIsVisible = 0;
			defaultConfigurationName = Release;
		};
/* End XCConfigurationList section */
	};
	rootObject = 1DB405AB15DB3E230041807D /* Project object */;
}
